{
  "pins" : [
    {
      "identity" : "navigationviewkit",
      "kind" : "remoteSourceControl",
      "location" : "https://github.com/fatbobman/NavigationViewKit",
      "state" : {
        "revision" : "e7d286349da90f591091c53b58c2a2e0c6816585",
        "version" : "0.0.5"
      }
    },
    {
      "identity" : "swiftui-introspect",
      "kind" : "remoteSourceControl",
      "location" : "https://github.com/siteline/SwiftUI-Introspect.git",
      "state" : {
        "revision" : "f2616860a41f9d9932da412a8978fec79c06fe24",
        "version" : "0.1.4"
      }
    }
  ],
  "version" : 2
}
